
Microsoft Visual Studio Solution File, Format Version 12.00
# Visual Studio Version 16
VisualStudioVersion = 16.0.30711.63
MinimumVisualStudioVersion = 10.0.40219.1
Project("{9A19103F-16F7-4668-BE54-9A1E7A4F7556}") = "ML.NaiveBayesClassifier", "ML.NaiveBayesClassifier\ML.NaiveBayesClassifier.csproj", "{5318223F-CC19-4891-8D93-29949DCC318C}"
EndProject
Project("{FAE04EC0-301F-11D3-BF4B-00C04F79EFBC}") = "ML.DecisionTree", "ML.DecisionTree\ML.DecisionTree.csproj", "{B25EBE71-1FFE-4A07-ADA0-7FAB92DCA840}"
EndProject
Project("{FAE04EC0-301F-11D3-BF4B-00C04F79EFBC}") = "ML.Common", "ML.Common\ML.Common.csproj", "{451A0E07-28AB-4405-95B6-F4634D1EAFD1}"
EndProject
Global
	GlobalSection(SolutionConfigurationPlatforms) = preSolution
		Debug|Any CPU = Debug|Any CPU
		Release|Any CPU = Release|Any CPU
	EndGlobalSection
	GlobalSection(ProjectConfigurationPlatforms) = postSolution
		{5318223F-CC19-4891-8D93-29949DCC318C}.Debug|Any CPU.ActiveCfg = Debug|Any CPU
		{5318223F-CC19-4891-8D93-29949DCC318C}.Debug|Any CPU.Build.0 = Debug|Any CPU
		{5318223F-CC19-4891-8D93-29949DCC318C}.Release|Any CPU.ActiveCfg = Release|Any CPU
		{5318223F-CC19-4891-8D93-29949DCC318C}.Release|Any CPU.Build.0 = Release|Any CPU
		{B25EBE71-1FFE-4A07-ADA0-7FAB92DCA840}.Debug|Any CPU.ActiveCfg = Debug|Any CPU
		{B25EBE71-1FFE-4A07-ADA0-7FAB92DCA840}.Debug|Any CPU.Build.0 = Debug|Any CPU
		{B25EBE71-1FFE-4A07-ADA0-7FAB92DCA840}.Release|Any CPU.ActiveCfg = Release|Any CPU
		{B25EBE71-1FFE-4A07-ADA0-7FAB92DCA840}.Release|Any CPU.Build.0 = Release|Any CPU
		{451A0E07-28AB-4405-95B6-F4634D1EAFD1}.Debug|Any CPU.ActiveCfg = Debug|Any CPU
		{451A0E07-28AB-4405-95B6-F4634D1EAFD1}.Debug|Any CPU.Build.0 = Debug|Any CPU
		{451A0E07-28AB-4405-95B6-F4634D1EAFD1}.Release|Any CPU.ActiveCfg = Release|Any CPU
		{451A0E07-28AB-4405-95B6-F4634D1EAFD1}.Release|Any CPU.Build.0 = Release|Any CPU
	EndGlobalSection
	GlobalSection(SolutionProperties) = preSolution
		HideSolutionNode = FALSE
	EndGlobalSection
	GlobalSection(ExtensibilityGlobals) = postSolution
		SolutionGuid = {F5DF3A53-17FE-462F-B21D-918BCAA4E09A}
	EndGlobalSection
EndGlobal
